
Microsoft Visual Studio Solution File, Format Version 12.00
# Visual Studio Version 16
VisualStudioVersion = 16.0.32802.440
MinimumVisualStudioVersion = 10.0.40219.1
Project("{FAE04EC0-301F-11D3-BF4B-00C04F79EFBC}") = "UI", "Trabajo de campo\UI.csproj", "{32F534B4-91B5-4A94-9557-FC7C11BC8707}"
EndProject
Project("{FAE04EC0-301F-11D3-BF4B-00C04F79EFBC}") = "BLL", "BLL\BLL.csproj", "{8772A85D-BA70-4979-BA3A-87681117841C}"
EndProject
Project("{FAE04EC0-301F-11D3-BF4B-00C04F79EFBC}") = "DAL", "DAL\DAL.csproj", "{C665785F-56A3-47AE-8CF7-0D026AFCAC6C}"
EndProject
Project("{FAE04EC0-301F-11D3-BF4B-00C04F79EFBC}") = "BE", "BE\BE.csproj", "{F8135ECE-2AAA-41BF-85C7-176330F71E85}"
EndProject
Project("{FAE04EC0-301F-11D3-BF4B-00C04F79EFBC}") = "Services", "Services\Services.csproj", "{84231FF2-6092-40BF-9823-651533BAD56D}"
EndProject
Global
	GlobalSection(SolutionConfigurationPlatforms) = preSolution
		Debug|Any CPU = Debug|Any CPU
		Release|Any CPU = Release|Any CPU
	EndGlobalSection
	GlobalSection(ProjectConfigurationPlatforms) = postSolution
		{32F534B4-91B5-4A94-9557-FC7C11BC8707}.Debug|Any CPU.ActiveCfg = Debug|Any CPU
		{32F534B4-91B5-4A94-9557-FC7C11BC8707}.Debug|Any CPU.Build.0 = Debug|Any CPU
		{32F534B4-91B5-4A94-9557-FC7C11BC8707}.Release|Any CPU.ActiveCfg = Release|Any CPU
		{32F534B4-91B5-4A94-9557-FC7C11BC8707}.Release|Any CPU.Build.0 = Release|Any CPU
		{8772A85D-BA70-4979-BA3A-87681117841C}.Debug|Any CPU.ActiveCfg = Debug|Any CPU
		{8772A85D-BA70-4979-BA3A-87681117841C}.Debug|Any CPU.Build.0 = Debug|Any CPU
		{8772A85D-BA70-4979-BA3A-87681117841C}.Release|Any CPU.ActiveCfg = Release|Any CPU
		{8772A85D-BA70-4979-BA3A-87681117841C}.Release|Any CPU.Build.0 = Release|Any CPU
		{C665785F-56A3-47AE-8CF7-0D026AFCAC6C}.Debug|Any CPU.ActiveCfg = Debug|Any CPU
		{C665785F-56A3-47AE-8CF7-0D026AFCAC6C}.Debug|Any CPU.Build.0 = Debug|Any CPU
		{C665785F-56A3-47AE-8CF7-0D026AFCAC6C}.Release|Any CPU.ActiveCfg = Release|Any CPU
		{C665785F-56A3-47AE-8CF7-0D026AFCAC6C}.Release|Any CPU.Build.0 = Release|Any CPU
		{F8135ECE-2AAA-41BF-85C7-176330F71E85}.Debug|Any CPU.ActiveCfg = Debug|Any CPU
		{F8135ECE-2AAA-41BF-85C7-176330F71E85}.Debug|Any CPU.Build.0 = Debug|Any CPU
		{F8135ECE-2AAA-41BF-85C7-176330F71E85}.Release|Any CPU.ActiveCfg = Release|Any CPU
		{F8135ECE-2AAA-41BF-85C7-176330F71E85}.Release|Any CPU.Build.0 = Release|Any CPU
		{84231FF2-6092-40BF-9823-651533BAD56D}.Debug|Any CPU.ActiveCfg = Debug|Any CPU
		{84231FF2-6092-40BF-9823-651533BAD56D}.Debug|Any CPU.Build.0 = Debug|Any CPU
		{84231FF2-6092-40BF-9823-651533BAD56D}.Release|Any CPU.ActiveCfg = Release|Any CPU
		{84231FF2-6092-40BF-9823-651533BAD56D}.Release|Any CPU.Build.0 = Release|Any CPU
	EndGlobalSection
	GlobalSection(SolutionProperties) = preSolution
		HideSolutionNode = FALSE
	EndGlobalSection
	GlobalSection(ExtensibilityGlobals) = postSolution
		SolutionGuid = {FDEC0827-2F9B-4B6B-868A-4B86A4952C49}
	EndGlobalSection
EndGlobal
